
Microsoft Visual Studio Solution File, Format Version 11.00
# Visual Studio 2010
Project("{8BC9CEB8-8B4A-11D0-8D11-00A0C91BC942}") = "Proxima", "Proxima\Proxima.vcxproj", "{13DFCFAD-7932-4CF3-B00C-70E5E56178AB}"
EndProject
Global
	GlobalSection(SolutionConfigurationPlatforms) = preSolution
		Debug|Win32 = Debug|Win32
		Release|Win32 = Release|Win32
	EndGlobalSection
	GlobalSection(ProjectConfigurationPlatforms) = postSolution
		{13DFCFAD-7932-4CF3-B00C-70E5E56178AB}.Debug|Win32.ActiveCfg = Debug|Win32
		{13DFCFAD-7932-4CF3-B00C-70E5E56178AB}.Debug|Win32.Build.0 = Debug|Win32
		{13DFCFAD-7932-4CF3-B00C-70E5E56178AB}.Release|Win32.ActiveCfg = Release|Win32
		{13DFCFAD-7932-4CF3-B00C-70E5E56178AB}.Release|Win32.Build.0 = Release|Win32
	EndGlobalSection
	GlobalSection(SolutionProperties) = preSolution
		HideSolutionNode = FALSE
	EndGlobalSection
EndGlobal
