
Microsoft Visual Studio Solution File, Format Version 11.00
# Visual Studio 2010
Project("{8BC9CEB8-8B4A-11D0-8D11-00A0C91BC942}") = "problem 4", "problem 4\problem 4.vcxproj", "{28FFAF76-1902-45D6-A54D-9B9F44DA09D5}"
EndProject
Global
	GlobalSection(SolutionConfigurationPlatforms) = preSolution
		Debug|Win32 = Debug|Win32
		Release|Win32 = Release|Win32
	EndGlobalSection
	GlobalSection(ProjectConfigurationPlatforms) = postSolution
		{28FFAF76-1902-45D6-A54D-9B9F44DA09D5}.Debug|Win32.ActiveCfg = Debug|Win32
		{28FFAF76-1902-45D6-A54D-9B9F44DA09D5}.Debug|Win32.Build.0 = Debug|Win32
		{28FFAF76-1902-45D6-A54D-9B9F44DA09D5}.Release|Win32.ActiveCfg = Release|Win32
		{28FFAF76-1902-45D6-A54D-9B9F44DA09D5}.Release|Win32.Build.0 = Release|Win32
	EndGlobalSection
	GlobalSection(SolutionProperties) = preSolution
		HideSolutionNode = FALSE
	EndGlobalSection
EndGlobal
