
Microsoft Visual Studio Solution File, Format Version 11.00
# Visual Studio 2010
Project("{8BC9CEB8-8B4A-11D0-8D11-00A0C91BC942}") = "Frogger_CPP", "Frogger_CPP\Frogger_CPP.vcxproj", "{641D97AE-09C0-472A-963F-ED0FE8DDB287}"
EndProject
Global
	GlobalSection(SolutionConfigurationPlatforms) = preSolution
		Debug|Win32 = Debug|Win32
		Release|Win32 = Release|Win32
	EndGlobalSection
	GlobalSection(ProjectConfigurationPlatforms) = postSolution
		{641D97AE-09C0-472A-963F-ED0FE8DDB287}.Debug|Win32.ActiveCfg = Debug|Win32
		{641D97AE-09C0-472A-963F-ED0FE8DDB287}.Debug|Win32.Build.0 = Debug|Win32
		{641D97AE-09C0-472A-963F-ED0FE8DDB287}.Release|Win32.ActiveCfg = Release|Win32
		{641D97AE-09C0-472A-963F-ED0FE8DDB287}.Release|Win32.Build.0 = Release|Win32
	EndGlobalSection
	GlobalSection(SolutionProperties) = preSolution
		HideSolutionNode = FALSE
	EndGlobalSection
EndGlobal
