
Microsoft Visual Studio Solution File, Format Version 11.00
# Visual Studio 2010
Project("{8BC9CEB8-8B4A-11D0-8D11-00A0C91BC942}") = "Problem 4", "Problem 4\Problem 4.vcxproj", "{D6C1FAD5-575D-4871-90C1-5839AE635181}"
EndProject
Global
	GlobalSection(SolutionConfigurationPlatforms) = preSolution
		Debug|Win32 = Debug|Win32
		Release|Win32 = Release|Win32
	EndGlobalSection
	GlobalSection(ProjectConfigurationPlatforms) = postSolution
		{D6C1FAD5-575D-4871-90C1-5839AE635181}.Debug|Win32.ActiveCfg = Debug|Win32
		{D6C1FAD5-575D-4871-90C1-5839AE635181}.Debug|Win32.Build.0 = Debug|Win32
		{D6C1FAD5-575D-4871-90C1-5839AE635181}.Release|Win32.ActiveCfg = Release|Win32
		{D6C1FAD5-575D-4871-90C1-5839AE635181}.Release|Win32.Build.0 = Release|Win32
	EndGlobalSection
	GlobalSection(SolutionProperties) = preSolution
		HideSolutionNode = FALSE
	EndGlobalSection
EndGlobal
