
Microsoft Visual Studio Solution File, Format Version 11.00
# Visual Studio 2010
Project("{8BC9CEB8-8B4A-11D0-8D11-00A0C91BC942}") = "IEEE754", "IEEE754\IEEE754.vcxproj", "{E72AEE48-B0D9-424A-B776-BC30F1CD0287}"
EndProject
Global
	GlobalSection(SolutionConfigurationPlatforms) = preSolution
		Debug|Win32 = Debug|Win32
		Release|Win32 = Release|Win32
	EndGlobalSection
	GlobalSection(ProjectConfigurationPlatforms) = postSolution
		{E72AEE48-B0D9-424A-B776-BC30F1CD0287}.Debug|Win32.ActiveCfg = Debug|Win32
		{E72AEE48-B0D9-424A-B776-BC30F1CD0287}.Debug|Win32.Build.0 = Debug|Win32
		{E72AEE48-B0D9-424A-B776-BC30F1CD0287}.Release|Win32.ActiveCfg = Release|Win32
		{E72AEE48-B0D9-424A-B776-BC30F1CD0287}.Release|Win32.Build.0 = Release|Win32
	EndGlobalSection
	GlobalSection(SolutionProperties) = preSolution
		HideSolutionNode = FALSE
	EndGlobalSection
EndGlobal
