
Microsoft Visual Studio Solution File, Format Version 11.00
# Visual Studio 2010
Project("{8BC9CEB8-8B4A-11D0-8D11-00A0C91BC942}") = "Pointer Demo 4", "Pointer Demo 4\Pointer Demo 4.vcxproj", "{35D5163D-63F0-427A-96A5-647C6FA65B46}"
EndProject
Global
	GlobalSection(SolutionConfigurationPlatforms) = preSolution
		Debug|Win32 = Debug|Win32
		Release|Win32 = Release|Win32
	EndGlobalSection
	GlobalSection(ProjectConfigurationPlatforms) = postSolution
		{35D5163D-63F0-427A-96A5-647C6FA65B46}.Debug|Win32.ActiveCfg = Debug|Win32
		{35D5163D-63F0-427A-96A5-647C6FA65B46}.Debug|Win32.Build.0 = Debug|Win32
		{35D5163D-63F0-427A-96A5-647C6FA65B46}.Release|Win32.ActiveCfg = Release|Win32
		{35D5163D-63F0-427A-96A5-647C6FA65B46}.Release|Win32.Build.0 = Release|Win32
	EndGlobalSection
	GlobalSection(SolutionProperties) = preSolution
		HideSolutionNode = FALSE
	EndGlobalSection
EndGlobal
