
Microsoft Visual Studio Solution File, Format Version 11.00
# Visual Studio 2010
Project("{8BC9CEB8-8B4A-11D0-8D11-00A0C91BC942}") = "Problem 2", "Problem 2\Problem 2.vcxproj", "{A50D6A93-5ED0-4C9A-9B3F-A1DFBB6BAB3C}"
EndProject
Global
	GlobalSection(SolutionConfigurationPlatforms) = preSolution
		Debug|Win32 = Debug|Win32
		Release|Win32 = Release|Win32
	EndGlobalSection
	GlobalSection(ProjectConfigurationPlatforms) = postSolution
		{A50D6A93-5ED0-4C9A-9B3F-A1DFBB6BAB3C}.Debug|Win32.ActiveCfg = Debug|Win32
		{A50D6A93-5ED0-4C9A-9B3F-A1DFBB6BAB3C}.Debug|Win32.Build.0 = Debug|Win32
		{A50D6A93-5ED0-4C9A-9B3F-A1DFBB6BAB3C}.Release|Win32.ActiveCfg = Release|Win32
		{A50D6A93-5ED0-4C9A-9B3F-A1DFBB6BAB3C}.Release|Win32.Build.0 = Release|Win32
	EndGlobalSection
	GlobalSection(SolutionProperties) = preSolution
		HideSolutionNode = FALSE
	EndGlobalSection
EndGlobal
