
Microsoft Visual Studio Solution File, Format Version 11.00
# Visual Studio 2010
Project("{8BC9CEB8-8B4A-11D0-8D11-00A0C91BC942}") = "Problem3", "Problem3\Problem3.vcxproj", "{1053A9A4-9431-4354-8499-F4CE31C0511E}"
EndProject
Global
	GlobalSection(SolutionConfigurationPlatforms) = preSolution
		Debug|Win32 = Debug|Win32
		Release|Win32 = Release|Win32
	EndGlobalSection
	GlobalSection(ProjectConfigurationPlatforms) = postSolution
		{1053A9A4-9431-4354-8499-F4CE31C0511E}.Debug|Win32.ActiveCfg = Debug|Win32
		{1053A9A4-9431-4354-8499-F4CE31C0511E}.Debug|Win32.Build.0 = Debug|Win32
		{1053A9A4-9431-4354-8499-F4CE31C0511E}.Release|Win32.ActiveCfg = Release|Win32
		{1053A9A4-9431-4354-8499-F4CE31C0511E}.Release|Win32.Build.0 = Release|Win32
	EndGlobalSection
	GlobalSection(SolutionProperties) = preSolution
		HideSolutionNode = FALSE
	EndGlobalSection
EndGlobal
