
Microsoft Visual Studio Solution File, Format Version 11.00
# Visual Studio 2010
Project("{8BC9CEB8-8B4A-11D0-8D11-00A0C91BC942}") = "Problem3", "Problem3\Problem3.vcxproj", "{215C7373-20D7-4DBC-884A-551BBA83FE6D}"
EndProject
Global
	GlobalSection(SolutionConfigurationPlatforms) = preSolution
		Debug|Win32 = Debug|Win32
		Release|Win32 = Release|Win32
	EndGlobalSection
	GlobalSection(ProjectConfigurationPlatforms) = postSolution
		{215C7373-20D7-4DBC-884A-551BBA83FE6D}.Debug|Win32.ActiveCfg = Debug|Win32
		{215C7373-20D7-4DBC-884A-551BBA83FE6D}.Debug|Win32.Build.0 = Debug|Win32
		{215C7373-20D7-4DBC-884A-551BBA83FE6D}.Release|Win32.ActiveCfg = Release|Win32
		{215C7373-20D7-4DBC-884A-551BBA83FE6D}.Release|Win32.Build.0 = Release|Win32
	EndGlobalSection
	GlobalSection(SolutionProperties) = preSolution
		HideSolutionNode = FALSE
	EndGlobalSection
EndGlobal
