
Microsoft Visual Studio Solution File, Format Version 11.00
# Visual Studio 2010
Project("{8BC9CEB8-8B4A-11D0-8D11-00A0C91BC942}") = "Huffman Coding Tree", "Huffman Coding Tree\Huffman Coding Tree.vcxproj", "{AA24FB40-9404-4393-A2E2-E202A67FDE42}"
EndProject
Global
	GlobalSection(SolutionConfigurationPlatforms) = preSolution
		Debug|Win32 = Debug|Win32
		Release|Win32 = Release|Win32
	EndGlobalSection
	GlobalSection(ProjectConfigurationPlatforms) = postSolution
		{AA24FB40-9404-4393-A2E2-E202A67FDE42}.Debug|Win32.ActiveCfg = Debug|Win32
		{AA24FB40-9404-4393-A2E2-E202A67FDE42}.Debug|Win32.Build.0 = Debug|Win32
		{AA24FB40-9404-4393-A2E2-E202A67FDE42}.Release|Win32.ActiveCfg = Release|Win32
		{AA24FB40-9404-4393-A2E2-E202A67FDE42}.Release|Win32.Build.0 = Release|Win32
	EndGlobalSection
	GlobalSection(SolutionProperties) = preSolution
		HideSolutionNode = FALSE
	EndGlobalSection
EndGlobal
