
Microsoft Visual Studio Solution File, Format Version 11.00
# Visual Studio 2010
Project("{8BC9CEB8-8B4A-11D0-8D11-00A0C91BC942}") = "Candy Bar", "Candy Bar\Candy Bar.vcxproj", "{D70805AB-E075-4877-8A96-7CBE3E671DF0}"
EndProject
Global
	GlobalSection(SolutionConfigurationPlatforms) = preSolution
		Debug|Win32 = Debug|Win32
		Release|Win32 = Release|Win32
	EndGlobalSection
	GlobalSection(ProjectConfigurationPlatforms) = postSolution
		{D70805AB-E075-4877-8A96-7CBE3E671DF0}.Debug|Win32.ActiveCfg = Debug|Win32
		{D70805AB-E075-4877-8A96-7CBE3E671DF0}.Debug|Win32.Build.0 = Debug|Win32
		{D70805AB-E075-4877-8A96-7CBE3E671DF0}.Release|Win32.ActiveCfg = Release|Win32
		{D70805AB-E075-4877-8A96-7CBE3E671DF0}.Release|Win32.Build.0 = Release|Win32
	EndGlobalSection
	GlobalSection(SolutionProperties) = preSolution
		HideSolutionNode = FALSE
	EndGlobalSection
EndGlobal
