
Microsoft Visual Studio Solution File, Format Version 11.00
# Visual Studio 2010
Project("{8BC9CEB8-8B4A-11D0-8D11-00A0C91BC942}") = "Problem 5", "Problem 5\Problem 5.vcxproj", "{2DBFA0CF-1D72-4778-9DB4-9D3A67B030AE}"
EndProject
Global
	GlobalSection(SolutionConfigurationPlatforms) = preSolution
		Debug|Win32 = Debug|Win32
		Release|Win32 = Release|Win32
	EndGlobalSection
	GlobalSection(ProjectConfigurationPlatforms) = postSolution
		{2DBFA0CF-1D72-4778-9DB4-9D3A67B030AE}.Debug|Win32.ActiveCfg = Debug|Win32
		{2DBFA0CF-1D72-4778-9DB4-9D3A67B030AE}.Debug|Win32.Build.0 = Debug|Win32
		{2DBFA0CF-1D72-4778-9DB4-9D3A67B030AE}.Release|Win32.ActiveCfg = Release|Win32
		{2DBFA0CF-1D72-4778-9DB4-9D3A67B030AE}.Release|Win32.Build.0 = Release|Win32
	EndGlobalSection
	GlobalSection(SolutionProperties) = preSolution
		HideSolutionNode = FALSE
	EndGlobalSection
EndGlobal
